// !$*UTF8*$!
{
	archiveVersion = 1;
	classes = {
	};
	objectVersion = 52;
	objects = {

/* Begin PBXBuildFile section */
		170307D322CB8EB500958FFB /* ViewHelpers.swift in Sources */ = {isa = PBXBuildFile; fileRef = 170307D222CB8EB500958FFB /* ViewHelpers.swift */; };
		170307D522CB8F7A00958FFB /* Helpers.swift in Sources */ = {isa = PBXBuildFile; fileRef = 170307D422CB8F7A00958FFB /* Helpers.swift */; };
		1797835322F0407E002E8711 /* AuthenticationHelpers.swift in Sources */ = {isa = PBXBuildFile; fileRef = 1797835222F0407E002E8711 /* AuthenticationHelpers.swift */; };
		1797835622F04116002E8711 /* EpisodeProgress.swift in Sources */ = {isa = PBXBuildFile; fileRef = 1797835422F04116002E8711 /* EpisodeProgress.swift */; };
		1797835722F04116002E8711 /* Store.swift in Sources */ = {isa = PBXBuildFile; fileRef = 1797835522F04116002E8711 /* Store.swift */; };
		8325D5DC22E098380087B423 /* KeychainItem in Frameworks */ = {isa = PBXBuildFile; productRef = 8325D5DB22E098380087B423 /* KeychainItem */; };
		8361B42D22EEDEF700ABBC59 /* Session.swift in Sources */ = {isa = PBXBuildFile; fileRef = 8361B42B22EEDEF700ABBC59 /* Session.swift */; };
		8361B42E22EEDEF700ABBC59 /* Account.swift in Sources */ = {isa = PBXBuildFile; fileRef = 8361B42C22EEDEF700ABBC59 /* Account.swift */; };
		8363E0E422C4C59E00B55A7B /* AppDelegate.swift in Sources */ = {isa = PBXBuildFile; fileRef = 8363E0E322C4C59E00B55A7B /* AppDelegate.swift */; };
		8363E0E622C4C59E00B55A7B /* SceneDelegate.swift in Sources */ = {isa = PBXBuildFile; fileRef = 8363E0E522C4C59E00B55A7B /* SceneDelegate.swift */; };
		8363E0E822C4C59E00B55A7B /* ContentView.swift in Sources */ = {isa = PBXBuildFile; fileRef = 8363E0E722C4C59E00B55A7B /* ContentView.swift */; };
		8363E0EA22C4C59F00B55A7B /* Assets.xcassets in Resources */ = {isa = PBXBuildFile; fileRef = 8363E0E922C4C59F00B55A7B /* Assets.xcassets */; };
		8363E0ED22C4C59F00B55A7B /* Preview Assets.xcassets in Resources */ = {isa = PBXBuildFile; fileRef = 8363E0EC22C4C59F00B55A7B /* Preview Assets.xcassets */; };
		8363E0F022C4C59F00B55A7B /* LaunchScreen.storyboard in Resources */ = {isa = PBXBuildFile; fileRef = 8363E0EE22C4C59F00B55A7B /* LaunchScreen.storyboard */; };
		8363E0F922C4C7FE00B55A7B /* TinyNetworking in Frameworks */ = {isa = PBXBuildFile; productRef = 8363E0F822C4C7FE00B55A7B /* TinyNetworking */; };
		8363E0FC22C4C83F00B55A7B /* Model in Frameworks */ = {isa = PBXBuildFile; productRef = 8363E0FB22C4C83F00B55A7B /* Model */; };
		8363E0FE22C4C83F00B55A7B /* ViewHelpers in Frameworks */ = {isa = PBXBuildFile; productRef = 8363E0FD22C4C83F00B55A7B /* ViewHelpers */; };
		8363E10222C4C86D00B55A7B /* Resource.swift in Sources */ = {isa = PBXBuildFile; fileRef = 8363E0FF22C4C86D00B55A7B /* Resource.swift */; };
		8363E10322C4C86D00B55A7B /* episodes.json in Resources */ = {isa = PBXBuildFile; fileRef = 8363E10022C4C86D00B55A7B /* episodes.json */; };
		8363E10422C4C86D00B55A7B /* collections.json in Resources */ = {isa = PBXBuildFile; fileRef = 8363E10122C4C86D00B55A7B /* collections.json */; };
		8363E10622C4C88900B55A7B /* Model.swift in Sources */ = {isa = PBXBuildFile; fileRef = 8363E10522C4C88900B55A7B /* Model.swift */; };
		8363E10822C4C97F00B55A7B /* CollectionsList.swift in Sources */ = {isa = PBXBuildFile; fileRef = 8363E10722C4C97F00B55A7B /* CollectionsList.swift */; };
		8363E10A22C4CB8700B55A7B /* CollectionDetails.swift in Sources */ = {isa = PBXBuildFile; fileRef = 8363E10922C4CB8700B55A7B /* CollectionDetails.swift */; };
		83758B7B22CE0FCC00C7978D /* AllEpisodes.swift in Sources */ = {isa = PBXBuildFile; fileRef = 83758B7A22CE0FCC00C7978D /* AllEpisodes.swift */; };
		83758B8122CE459100C7978D /* Episode.swift in Sources */ = {isa = PBXBuildFile; fileRef = 83758B8022CE459100C7978D /* Episode.swift */; };
		83758B8322CE465500C7978D /* Player.swift in Sources */ = {isa = PBXBuildFile; fileRef = 83758B8222CE465500C7978D /* Player.swift */; };
/* End PBXBuildFile section */

/* Begin PBXFileReference section */
		170307D222CB8EB500958FFB /* ViewHelpers.swift */ = {isa = PBXFileReference; lastKnownFileType = sourcecode.swift; path = ViewHelpers.swift; sourceTree = "<group>"; };
		170307D422CB8F7A00958FFB /* Helpers.swift */ = {isa = PBXFileReference; lastKnownFileType = sourcecode.swift; path = Helpers.swift; sourceTree = "<group>"; };
		1797835222F0407E002E8711 /* AuthenticationHelpers.swift */ = {isa = PBXFileReference; fileEncoding = 4; lastKnownFileType = sourcecode.swift; path = AuthenticationHelpers.swift; sourceTree = "<group>"; };
		1797835422F04116002E8711 /* EpisodeProgress.swift */ = {isa = PBXFileReference; fileEncoding = 4; lastKnownFileType = sourcecode.swift; path = EpisodeProgress.swift; sourceTree = "<group>"; };
		1797835522F04116002E8711 /* Store.swift */ = {isa = PBXFileReference; fileEncoding = 4; lastKnownFileType = sourcecode.swift; path = Store.swift; sourceTree = "<group>"; };
		8361B42B22EEDEF700ABBC59 /* Session.swift */ = {isa = PBXFileReference; lastKnownFileType = sourcecode.swift; path = Session.swift; sourceTree = "<group>"; };
		8361B42C22EEDEF700ABBC59 /* Account.swift */ = {isa = PBXFileReference; lastKnownFileType = sourcecode.swift; path = Account.swift; sourceTree = "<group>"; };
		8363E0E022C4C59E00B55A7B /* SwiftTalk.app */ = {isa = PBXFileReference; explicitFileType = wrapper.application; includeInIndex = 0; path = SwiftTalk.app; sourceTree = BUILT_PRODUCTS_DIR; };
		8363E0E322C4C59E00B55A7B /* AppDelegate.swift */ = {isa = PBXFileReference; lastKnownFileType = sourcecode.swift; path = AppDelegate.swift; sourceTree = "<group>"; };
		8363E0E522C4C59E00B55A7B /* SceneDelegate.swift */ = {isa = PBXFileReference; lastKnownFileType = sourcecode.swift; path = SceneDelegate.swift; sourceTree = "<group>"; };
		8363E0E722C4C59E00B55A7B /* ContentView.swift */ = {isa = PBXFileReference; lastKnownFileType = sourcecode.swift; path = ContentView.swift; sourceTree = "<group>"; };
		8363E0E922C4C59F00B55A7B /* Assets.xcassets */ = {isa = PBXFileReference; lastKnownFileType = folder.assetcatalog; path = Assets.xcassets; sourceTree = "<group>"; };
		8363E0EC22C4C59F00B55A7B /* Preview Assets.xcassets */ = {isa = PBXFileReference; lastKnownFileType = folder.assetcatalog; path = "Preview Assets.xcassets"; sourceTree = "<group>"; };
		8363E0EF22C4C59F00B55A7B /* Base */ = {isa = PBXFileReference; lastKnownFileType = file.storyboard; name = Base; path = Base.lproj/LaunchScreen.storyboard; sourceTree = "<group>"; };
		8363E0F122C4C59F00B55A7B /* Info.plist */ = {isa = PBXFileReference; lastKnownFileType = text.plist.xml; path = Info.plist; sourceTree = "<group>"; };
		8363E0FF22C4C86D00B55A7B /* Resource.swift */ = {isa = PBXFileReference; fileEncoding = 4; lastKnownFileType = sourcecode.swift; path = Resource.swift; sourceTree = "<group>"; };
		8363E10022C4C86D00B55A7B /* episodes.json */ = {isa = PBXFileReference; fileEncoding = 4; lastKnownFileType = text.json; path = episodes.json; sourceTree = "<group>"; };
		8363E10122C4C86D00B55A7B /* collections.json */ = {isa = PBXFileReference; fileEncoding = 4; lastKnownFileType = text.json; path = collections.json; sourceTree = "<group>"; };
		8363E10522C4C88900B55A7B /* Model.swift */ = {isa = PBXFileReference; lastKnownFileType = sourcecode.swift; path = Model.swift; sourceTree = "<group>"; };
		8363E10722C4C97F00B55A7B /* CollectionsList.swift */ = {isa = PBXFileReference; lastKnownFileType = sourcecode.swift; path = CollectionsList.swift; sourceTree = "<group>"; };
		8363E10922C4CB8700B55A7B /* CollectionDetails.swift */ = {isa = PBXFileReference; lastKnownFileType = sourcecode.swift; path = CollectionDetails.swift; sourceTree = "<group>"; };
		83758B7A22CE0FCC00C7978D /* AllEpisodes.swift */ = {isa = PBXFileReference; lastKnownFileType = sourcecode.swift; name = AllEpisodes.swift; path = SwiftTalk/AllEpisodes.swift; sourceTree = SOURCE_ROOT; };
		83758B8022CE459100C7978D /* Episode.swift */ = {isa = PBXFileReference; lastKnownFileType = sourcecode.swift; path = Episode.swift; sourceTree = "<group>"; };
		83758B8222CE465500C7978D /* Player.swift */ = {isa = PBXFileReference; lastKnownFileType = sourcecode.swift; path = Player.swift; sourceTree = "<group>"; };
/* End PBXFileReference section */

/* Begin PBXFrameworksBuildPhase section */
		8363E0DD22C4C59E00B55A7B /* Frameworks */ = {
			isa = PBXFrameworksBuildPhase;
			buildActionMask = 2147483647;
			files = (
				8363E0FE22C4C83F00B55A7B /* ViewHelpers in Frameworks */,
				8363E0FC22C4C83F00B55A7B /* Model in Frameworks */,
				8363E0F922C4C7FE00B55A7B /* TinyNetworking in Frameworks */,
				8325D5DC22E098380087B423 /* KeychainItem in Frameworks */,
			);
			runOnlyForDeploymentPostprocessing = 0;
		};
/* End PBXFrameworksBuildPhase section */

/* Begin PBXGroup section */
		17CD7D7A22CB9BAA00167A6A /* Views */ = {
			isa = PBXGroup;
			children = (
				83758B8022CE459100C7978D /* Episode.swift */,
				83758B8222CE465500C7978D /* Player.swift */,
				83758B7A22CE0FCC00C7978D /* AllEpisodes.swift */,
				8363E0E722C4C59E00B55A7B /* ContentView.swift */,
				8363E10922C4CB8700B55A7B /* CollectionDetails.swift */,
				8363E10722C4C97F00B55A7B /* CollectionsList.swift */,
			);
			path = Views;
			sourceTree = "<group>";
		};
		8361B42F22EEDF0700ABBC59 /* Model */ = {
			isa = PBXGroup;
			children = (
				8363E10522C4C88900B55A7B /* Model.swift */,
				8361B42B22EEDEF700ABBC59 /* Session.swift */,
				8361B42C22EEDEF700ABBC59 /* Account.swift */,
				1797835422F04116002E8711 /* EpisodeProgress.swift */,
				1797835522F04116002E8711 /* Store.swift */,
			);
			path = Model;
			sourceTree = "<group>";
		};
		8363E0D722C4C59E00B55A7B = {
			isa = PBXGroup;
			children = (
				8363E0E222C4C59E00B55A7B /* SwiftTalk */,
				8363E0E122C4C59E00B55A7B /* Products */,
			);
			sourceTree = "<group>";
		};
		8363E0E122C4C59E00B55A7B /* Products */ = {
			isa = PBXGroup;
			children = (
				8363E0E022C4C59E00B55A7B /* SwiftTalk.app */,
			);
			name = Products;
			sourceTree = "<group>";
		};
		8363E0E222C4C59E00B55A7B /* SwiftTalk */ = {
			isa = PBXGroup;
			children = (
				8363E10022C4C86D00B55A7B /* episodes.json */,
				8363E10122C4C86D00B55A7B /* collections.json */,
				8363E0FF22C4C86D00B55A7B /* Resource.swift */,
				8363E0E322C4C59E00B55A7B /* AppDelegate.swift */,
				8363E0E522C4C59E00B55A7B /* SceneDelegate.swift */,
				170307D422CB8F7A00958FFB /* Helpers.swift */,
				8363E0E922C4C59F00B55A7B /* Assets.xcassets */,
				8363E0EE22C4C59F00B55A7B /* LaunchScreen.storyboard */,
				8363E0F122C4C59F00B55A7B /* Info.plist */,
				8363E0EB22C4C59F00B55A7B /* Preview Content */,
				8361B42F22EEDF0700ABBC59 /* Model */,
				17CD7D7A22CB9BAA00167A6A /* Views */,
				170307D222CB8EB500958FFB /* ViewHelpers.swift */,
				1797835222F0407E002E8711 /* AuthenticationHelpers.swift */,
			);
			path = SwiftTalk;
			sourceTree = "<group>";
		};
		8363E0EB22C4C59F00B55A7B /* Preview Content */ = {
			isa = PBXGroup;
			children = (
				8363E0EC22C4C59F00B55A7B /* Preview Assets.xcassets */,
			);
			path = "Preview Content";
			sourceTree = "<group>";
		};
/* End PBXGroup section */

/* Begin PBXNativeTarget section */
		8363E0DF22C4C59E00B55A7B /* SwiftTalk */ = {
			isa = PBXNativeTarget;
			buildConfigurationList = 8363E0F422C4C59F00B55A7B /* Build configuration list for PBXNativeTarget "SwiftTalk" */;
			buildPhases = (
				8363E0DC22C4C59E00B55A7B /* Sources */,
				8363E0DD22C4C59E00B55A7B /* Frameworks */,
				8363E0DE22C4C59E00B55A7B /* Resources */,
			);
			buildRules = (
			);
			dependencies = (
			);
			name = SwiftTalk;
			packageProductDependencies = (
				8363E0F822C4C7FE00B55A7B /* TinyNetworking */,
				8363E0FB22C4C83F00B55A7B /* Model */,
				8363E0FD22C4C83F00B55A7B /* ViewHelpers */,
				8325D5DB22E098380087B423 /* KeychainItem */,
			);
			productName = SwiftTalk;
			productReference = 8363E0E022C4C59E00B55A7B /* SwiftTalk.app */;
			productType = "com.apple.product-type.application";
		};
/* End PBXNativeTarget section */

/* Begin PBXProject section */
		8363E0D822C4C59E00B55A7B /* Project object */ = {
			isa = PBXProject;
			attributes = {
				LastSwiftUpdateCheck = 1100;
				LastUpgradeCheck = 1100;
				ORGANIZATIONNAME = "Chris Eidhof";
				TargetAttributes = {
					8363E0DF22C4C59E00B55A7B = {
						CreatedOnToolsVersion = 11.0;
					};
				};
			};
			buildConfigurationList = 8363E0DB22C4C59E00B55A7B /* Build configuration list for PBXProject "SwiftTalk" */;
			compatibilityVersion = "Xcode 9.3";
			developmentRegion = en;
			hasScannedForEncodings = 0;
			knownRegions = (
				en,
				Base,
			);
			mainGroup = 8363E0D722C4C59E00B55A7B;
			packageReferences = (
				8363E0F722C4C7FE00B55A7B /* XCRemoteSwiftPackageReference "tiny-networking" */,
				8363E0FA22C4C83F00B55A7B /* XCRemoteSwiftPackageReference "swift-talk-shared" */,
				8325D5DA22E098380087B423 /* XCRemoteSwiftPackageReference "keychain-item" */,
			);
			productRefGroup = 8363E0E122C4C59E00B55A7B /* Products */;
			projectDirPath = "";
			projectRoot = "";
			targets = (
				8363E0DF22C4C59E00B55A7B /* SwiftTalk */,
			);
		};
/* End PBXProject section */

/* Begin PBXResourcesBuildPhase section */
		8363E0DE22C4C59E00B55A7B /* Resources */ = {
			isa = PBXResourcesBuildPhase;
			buildActionMask = 2147483647;
			files = (
				8363E0F022C4C59F00B55A7B /* LaunchScreen.storyboard in Resources */,
				8363E10322C4C86D00B55A7B /* episodes.json in Resources */,
				8363E0ED22C4C59F00B55A7B /* Preview Assets.xcassets in Resources */,
				8363E10422C4C86D00B55A7B /* collections.json in Resources */,
				8363E0EA22C4C59F00B55A7B /* Assets.xcassets in Resources */,
			);
			runOnlyForDeploymentPostprocessing = 0;
		};
/* End PBXResourcesBuildPhase section */

/* Begin PBXSourcesBuildPhase section */
		8363E0DC22C4C59E00B55A7B /* Sources */ = {
			isa = PBXSourcesBuildPhase;
			buildActionMask = 2147483647;
			files = (
				8363E10622C4C88900B55A7B /* Model.swift in Sources */,
				8363E10822C4C97F00B55A7B /* CollectionsList.swift in Sources */,
				170307D322CB8EB500958FFB /* ViewHelpers.swift in Sources */,
				8363E0E422C4C59E00B55A7B /* AppDelegate.swift in Sources */,
				83758B8322CE465500C7978D /* Player.swift in Sources */,
				170307D522CB8F7A00958FFB /* Helpers.swift in Sources */,
				83758B8122CE459100C7978D /* Episode.swift in Sources */,
				1797835322F0407E002E8711 /* AuthenticationHelpers.swift in Sources */,
				83758B7B22CE0FCC00C7978D /* AllEpisodes.swift in Sources */,
				8363E10222C4C86D00B55A7B /* Resource.swift in Sources */,
				8363E0E622C4C59E00B55A7B /* SceneDelegate.swift in Sources */,
				8361B42E22EEDEF700ABBC59 /* Account.swift in Sources */,
				1797835722F04116002E8711 /* Store.swift in Sources */,
				1797835622F04116002E8711 /* EpisodeProgress.swift in Sources */,
				8363E10A22C4CB8700B55A7B /* CollectionDetails.swift in Sources */,
				8361B42D22EEDEF700ABBC59 /* Session.swift in Sources */,
				8363E0E822C4C59E00B55A7B /* ContentView.swift in Sources */,
			);
			runOnlyForDeploymentPostprocessing = 0;
		};
/* End PBXSourcesBuildPhase section */

/* Begin PBXVariantGroup section */
		8363E0EE22C4C59F00B55A7B /* LaunchScreen.storyboard */ = {
			isa = PBXVariantGroup;
			children = (
				8363E0EF22C4C59F00B55A7B /* Base */,
			);
			name = LaunchScreen.storyboard;
			sourceTree = "<group>";
		};
/* End PBXVariantGroup section */

/* Begin XCBuildConfiguration section */
		8363E0F222C4C59F00B55A7B /* Debug */ = {
			isa = XCBuildConfiguration;
			buildSettings = {
				ALWAYS_SEARCH_USER_PATHS = NO;
				CLANG_ANALYZER_NONNULL = YES;
				CLANG_ANALYZER_NUMBER_OBJECT_CONVERSION = YES_AGGRESSIVE;
				CLANG_CXX_LANGUAGE_STANDARD = "gnu++14";
				CLANG_CXX_LIBRARY = "libc++";
				CLANG_ENABLE_MODULES = YES;
				CLANG_ENABLE_OBJC_ARC = YES;
				CLANG_ENABLE_OBJC_WEAK = YES;
				CLANG_WARN_BLOCK_CAPTURE_AUTORELEASING = YES;
				CLANG_WARN_BOOL_CONVERSION = YES;
				CLANG_WARN_COMMA = YES;
				CLANG_WARN_CONSTANT_CONVERSION = YES;
				CLANG_WARN_DEPRECATED_OBJC_IMPLEMENTATIONS = YES;
				CLANG_WARN_DIRECT_OBJC_ISA_USAGE = YES_ERROR;
				CLANG_WARN_DOCUMENTATION_COMMENTS = YES;
				CLANG_WARN_EMPTY_BODY = YES;
				CLANG_WARN_ENUM_CONVERSION = YES;
				CLANG_WARN_INFINITE_RECURSION = YES;
				CLANG_WARN_INT_CONVERSION = YES;
				CLANG_WARN_NON_LITERAL_NULL_CONVERSION = YES;
				CLANG_WARN_OBJC_IMPLICIT_RETAIN_SELF = YES;
				CLANG_WARN_OBJC_LITERAL_CONVERSION = YES;
				CLANG_WARN_OBJC_ROOT_CLASS = YES_ERROR;
				CLANG_WARN_RANGE_LOOP_ANALYSIS = YES;
				CLANG_WARN_STRICT_PROTOTYPES = YES;
				CLANG_WARN_SUSPICIOUS_MOVE = YES;
				CLANG_WARN_UNGUARDED_AVAILABILITY = YES_AGGRESSIVE;
				CLANG_WARN_UNREACHABLE_CODE = YES;
				CLANG_WARN__DUPLICATE_METHOD_MATCH = YES;
				COPY_PHASE_STRIP = NO;
				DEBUG_INFORMATION_FORMAT = dwarf;
				ENABLE_STRICT_OBJC_MSGSEND = YES;
				ENABLE_TESTABILITY = YES;
				GCC_C_LANGUAGE_STANDARD = gnu11;
				GCC_DYNAMIC_NO_PIC = NO;
				GCC_NO_COMMON_BLOCKS = YES;
				GCC_OPTIMIZATION_LEVEL = 0;
				GCC_PREPROCESSOR_DEFINITIONS = (
					"DEBUG=1",
					"$(inherited)",
				);
				GCC_WARN_64_TO_32_BIT_CONVERSION = YES;
				GCC_WARN_ABOUT_RETURN_TYPE = YES_ERROR;
				GCC_WARN_UNDECLARED_SELECTOR = YES;
				GCC_WARN_UNINITIALIZED_AUTOS = YES_AGGRESSIVE;
				GCC_WARN_UNUSED_FUNCTION = YES;
				GCC_WARN_UNUSED_VARIABLE = YES;
				IPHONEOS_DEPLOYMENT_TARGET = 13.0;
				MTL_ENABLE_DEBUG_INFO = INCLUDE_SOURCE;
				MTL_FAST_MATH = YES;
				ONLY_ACTIVE_ARCH = YES;
				SDKROOT = iphoneos;
				SWIFT_ACTIVE_COMPILATION_CONDITIONS = DEBUG;
				SWIFT_OPTIMIZATION_LEVEL = "-Onone";
			};
			name = Debug;
		};
		8363E0F322C4C59F00B55A7B /* Release */ = {
			isa = XCBuildConfiguration;
			buildSettings = {
				ALWAYS_SEARCH_USER_PATHS = NO;
				CLANG_ANALYZER_NONNULL = YES;
				CLANG_ANALYZER_NUMBER_OBJECT_CONVERSION = YES_AGGRESSIVE;
				CLANG_CXX_LANGUAGE_STANDARD = "gnu++14";
				CLANG_CXX_LIBRARY = "libc++";
				CLANG_ENABLE_MODULES = YES;
				CLANG_ENABLE_OBJC_ARC = YES;
				CLANG_ENABLE_OBJC_WEAK = YES;
				CLANG_WARN_BLOCK_CAPTURE_AUTORELEASING = YES;
				CLANG_WARN_BOOL_CONVERSION = YES;
				CLANG_WARN_COMMA = YES;
				CLANG_WARN_CONSTANT_CONVERSION = YES;
				CLANG_WARN_DEPRECATED_OBJC_IMPLEMENTATIONS = YES;
				CLANG_WARN_DIRECT_OBJC_ISA_USAGE = YES_ERROR;
				CLANG_WARN_DOCUMENTATION_COMMENTS = YES;
				CLANG_WARN_EMPTY_BODY = YES;
				CLANG_WARN_ENUM_CONVERSION = YES;
				CLANG_WARN_INFINITE_RECURSION = YES;
				CLANG_WARN_INT_CONVERSION = YES;
				CLANG_WARN_NON_LITERAL_NULL_CONVERSION = YES;
				CLANG_WARN_OBJC_IMPLICIT_RETAIN_SELF = YES;
				CLANG_WARN_OBJC_LITERAL_CONVERSION = YES;
				CLANG_WARN_OBJC_ROOT_CLASS = YES_ERROR;
				CLANG_WARN_RANGE_LOOP_ANALYSIS = YES;
				CLANG_WARN_STRICT_PROTOTYPES = YES;
				CLANG_WARN_SUSPICIOUS_MOVE = YES;
				CLANG_WARN_UNGUARDED_AVAILABILITY = YES_AGGRESSIVE;
				CLANG_WARN_UNREACHABLE_CODE = YES;
				CLANG_WARN__DUPLICATE_METHOD_MATCH = YES;
				COPY_PHASE_STRIP = NO;
				DEBUG_INFORMATION_FORMAT = "dwarf-with-dsym";
				ENABLE_NS_ASSERTIONS = NO;
				ENABLE_STRICT_OBJC_MSGSEND = YES;
				GCC_C_LANGUAGE_STANDARD = gnu11;
				GCC_NO_COMMON_BLOCKS = YES;
				GCC_WARN_64_TO_32_BIT_CONVERSION = YES;
				GCC_WARN_ABOUT_RETURN_TYPE = YES_ERROR;
				GCC_WARN_UNDECLARED_SELECTOR = YES;
				GCC_WARN_UNINITIALIZED_AUTOS = YES_AGGRESSIVE;
				GCC_WARN_UNUSED_FUNCTION = YES;
				GCC_WARN_UNUSED_VARIABLE = YES;
				IPHONEOS_DEPLOYMENT_TARGET = 13.0;
				MTL_ENABLE_DEBUG_INFO = NO;
				MTL_FAST_MATH = YES;
				SDKROOT = iphoneos;
				SWIFT_COMPILATION_MODE = wholemodule;
				SWIFT_OPTIMIZATION_LEVEL = "-O";
				VALIDATE_PRODUCT = YES;
			};
			name = Release;
		};
		8363E0F522C4C59F00B55A7B /* Debug */ = {
			isa = XCBuildConfiguration;
			buildSettings = {
				ASSETCATALOG_COMPILER_APPICON_NAME = AppIcon;
				CODE_SIGN_STYLE = Automatic;
				DEVELOPMENT_ASSET_PATHS = "SwiftTalk/Preview\\ Content";
				ENABLE_PREVIEWS = YES;
				INFOPLIST_FILE = SwiftTalk/Info.plist;
				LD_RUNPATH_SEARCH_PATHS = (
					"$(inherited)",
					"@executable_path/Frameworks",
				);
				PRODUCT_BUNDLE_IDENTIFIER = io.objc.SwiftTalk;
				PRODUCT_NAME = "$(TARGET_NAME)";
				SWIFT_VERSION = 5.0;
				TARGETED_DEVICE_FAMILY = "1,2";
			};
			name = Debug;
		};
		8363E0F622C4C59F00B55A7B /* Release */ = {
			isa = XCBuildConfiguration;
			buildSettings = {
				ASSETCATALOG_COMPILER_APPICON_NAME = AppIcon;
				CODE_SIGN_STYLE = Automatic;
				DEVELOPMENT_ASSET_PATHS = "SwiftTalk/Preview\\ Content";
				ENABLE_PREVIEWS = YES;
				INFOPLIST_FILE = SwiftTalk/Info.plist;
				LD_RUNPATH_SEARCH_PATHS = (
					"$(inherited)",
					"@executable_path/Frameworks",
				);
				PRODUCT_BUNDLE_IDENTIFIER = io.objc.SwiftTalk;
				PRODUCT_NAME = "$(TARGET_NAME)";
				SWIFT_VERSION = 5.0;
				TARGETED_DEVICE_FAMILY = "1,2";
			};
			name = Release;
		};
/* End XCBuildConfiguration section */

/* Begin XCConfigurationList section */
		8363E0DB22C4C59E00B55A7B /* Build configuration list for PBXProject "SwiftTalk" */ = {
			isa = XCConfigurationList;
			buildConfigurations = (
				8363E0F222C4C59F00B55A7B /* Debug */,
				8363E0F322C4C59F00B55A7B /* Release */,
			);
			defaultConfigurationIsVisible = 0;
			defaultConfigurationName = Release;
		};
		8363E0F422C4C59F00B55A7B /* Build configuration list for PBXNativeTarget "SwiftTalk" */ = {
			isa = XCConfigurationList;
			buildConfigurations = (
				8363E0F522C4C59F00B55A7B /* Debug */,
				8363E0F622C4C59F00B55A7B /* Release */,
			);
			defaultConfigurationIsVisible = 0;
			defaultConfigurationName = Release;
		};
/* End XCConfigurationList section */

/* Begin XCRemoteSwiftPackageReference section */
		8325D5DA22E098380087B423 /* XCRemoteSwiftPackageReference "keychain-item" */ = {
			isa = XCRemoteSwiftPackageReference;
			repositoryURL = "https://github.com/objcio/keychain-item";
			requirement = {
				kind = exactVersion;
				version = 0.1.0;
			};
		};
		8363E0F722C4C7FE00B55A7B /* XCRemoteSwiftPackageReference "tiny-networking" */ = {
			isa = XCRemoteSwiftPackageReference;
			repositoryURL = "https://github.com/objcio/tiny-networking";
			requirement = {
				branch = master;
				kind = branch;
			};
		};
		8363E0FA22C4C83F00B55A7B /* XCRemoteSwiftPackageReference "swift-talk-shared" */ = {
			isa = XCRemoteSwiftPackageReference;
			repositoryURL = "https://github.com/objcio/swift-talk-shared";
			requirement = {
				branch = master;
				kind = branch;
			};
		};
/* End XCRemoteSwiftPackageReference section */

/* Begin XCSwiftPackageProductDependency section */
		8325D5DB22E098380087B423 /* KeychainItem */ = {
			isa = XCSwiftPackageProductDependency;
			package = 8325D5DA22E098380087B423 /* XCRemoteSwiftPackageReference "keychain-item" */;
			productName = KeychainItem;
		};
		8363E0F822C4C7FE00B55A7B /* TinyNetworking */ = {
			isa = XCSwiftPackageProductDependency;
			package = 8363E0F722C4C7FE00B55A7B /* XCRemoteSwiftPackageReference "tiny-networking" */;
			productName = TinyNetworking;
		};
		8363E0FB22C4C83F00B55A7B /* Model */ = {
			isa = XCSwiftPackageProductDependency;
			package = 8363E0FA22C4C83F00B55A7B /* XCRemoteSwiftPackageReference "swift-talk-shared" */;
			productName = Model;
		};
		8363E0FD22C4C83F00B55A7B /* ViewHelpers */ = {
			isa = XCSwiftPackageProductDependency;
			package = 8363E0FA22C4C83F00B55A7B /* XCRemoteSwiftPackageReference "swift-talk-shared" */;
			productName = ViewHelpers;
		};
/* End XCSwiftPackageProductDependency section */
	};
	rootObject = 8363E0D822C4C59E00B55A7B /* Project object */;
}
