{
  "object": {
    "pins": [
      {
        "package": "KeychainItem",
        "repositoryURL": "https://github.com/objcio/keychain-item",
        "state": {
          "branch": null,
          "revision": "563fc973ee4c1fcdea646630f847a241025da3c4",
          "version": "0.1.0"
        }
      },
      {
        "package": "swift-talk-shared",
        "repositoryURL": "https://github.com/objcio/swift-talk-shared",
        "state": {
          "branch": "master",
          "revision": "18c4db2cfb4c49049291ddf2ae64571d0c3c2710",
          "version": null
        }
      },
      {
        "package": "TinyNetworking",
        "repositoryURL": "https://github.com/objcio/tiny-networking",
        "state": {
          "branch": "master",
          "revision": "58a275954c38c578bc080bd0a41b0695bb02dd14",
          "version": null
        }
      }
    ]
  },
  "version": 1
}
