{
  "object": {
    "pins": [
      {
        "package": "KeychainItem",
        "repositoryURL": "https://github.com/objcio/keychain-item",
        "state": {
          "branch": null,
          "revision": "563fc973ee4c1fcdea646630f847a241025da3c4",
          "version": "0.1.0"
        }
      },
      {
        "package": "swift-talk-shared",
        "repositoryURL": "https://github.com/objcio/swift-talk-shared",
        "state": {
          "branch": null,
          "revision": "0238161c1bf1a3db01c6d51b801e6d02656199b4",
          "version": "0.3.3"
        }
      },
      {
        "package": "TinyNetworking",
        "repositoryURL": "https://github.com/objcio/tiny-networking",
        "state": {
          "branch": "master",
          "revision": "7e898a21962428316c36fd40f9949e60b90a0e65",
          "version": null
        }
      }
    ]
  },
  "version": 1
}
